
Microsoft Visual Studio Solution File, Format Version 12.00
# Visual Studio 15
VisualStudioVersion = 15.0.26730.8
MinimumVisualStudioVersion = 10.0.40219.1
Project("{FAE04EC0-301F-11D3-BF4B-00C04F79EFBC}") = "20180412", "20180412\20180412.csproj", "{8DE999D5-2C00-4A94-B90D-290A474C5369}"
EndProject
Project("{FAE04EC0-301F-11D3-BF4B-00C04F79EFBC}") = "consoleTest", "consoleTest\consoleTest.csproj", "{544969C2-152F-4F6E-B325-FAC64CBF5956}"
EndProject
Global
	GlobalSection(SolutionConfigurationPlatforms) = preSolution
		Debug|Any CPU = Debug|Any CPU
		Release|Any CPU = Release|Any CPU
	EndGlobalSection
	GlobalSection(ProjectConfigurationPlatforms) = postSolution
		{8DE999D5-2C00-4A94-B90D-290A474C5369}.Debug|Any CPU.ActiveCfg = Debug|Any CPU
		{8DE999D5-2C00-4A94-B90D-290A474C5369}.Debug|Any CPU.Build.0 = Debug|Any CPU
		{8DE999D5-2C00-4A94-B90D-290A474C5369}.Release|Any CPU.ActiveCfg = Release|Any CPU
		{8DE999D5-2C00-4A94-B90D-290A474C5369}.Release|Any CPU.Build.0 = Release|Any CPU
		{544969C2-152F-4F6E-B325-FAC64CBF5956}.Debug|Any CPU.ActiveCfg = Debug|Any CPU
		{544969C2-152F-4F6E-B325-FAC64CBF5956}.Debug|Any CPU.Build.0 = Debug|Any CPU
		{544969C2-152F-4F6E-B325-FAC64CBF5956}.Release|Any CPU.ActiveCfg = Release|Any CPU
		{544969C2-152F-4F6E-B325-FAC64CBF5956}.Release|Any CPU.Build.0 = Release|Any CPU
	EndGlobalSection
	GlobalSection(SolutionProperties) = preSolution
		HideSolutionNode = FALSE
	EndGlobalSection
	GlobalSection(ExtensibilityGlobals) = postSolution
		SolutionGuid = {297B1431-D970-4E12-882C-1ED7B571B57F}
	EndGlobalSection
EndGlobal
